
Microsoft Visual Studio Solution File, Format Version 12.00
# Visual Studio Version 17
VisualStudioVersion = 17.14.37012.4 d17.14
MinimumVisualStudioVersion = 10.0.40219.1
Project("{8BC9CEB8-8B4A-11D0-8D11-00A0C91BC942}") = "InputTip", "InputTip\InputTip.vcxproj", "{7F551A1C-5583-42F3-82FE-04AC73739CE2}"
EndProject
Global
	GlobalSection(SolutionConfigurationPlatforms) = preSolution
		Debug|x64 = Debug|x64
		Debug|x86 = Debug|x86
		Release|x64 = Release|x64
		Release|x86 = Release|x86
	EndGlobalSection
	GlobalSection(ProjectConfigurationPlatforms) = postSolution
		{7F551A1C-5583-42F3-82FE-04AC73739CE2}.Debug|x64.ActiveCfg = Debug|x64
		{7F551A1C-5583-42F3-82FE-04AC73739CE2}.Debug|x64.Build.0 = Debug|x64
		{7F551A1C-5583-42F3-82FE-04AC73739CE2}.Debug|x86.ActiveCfg = Debug|Win32
		{7F551A1C-5583-42F3-82FE-04AC73739CE2}.Debug|x86.Build.0 = Debug|Win32
		{7F551A1C-5583-42F3-82FE-04AC73739CE2}.Release|x64.ActiveCfg = Release|x64
		{7F551A1C-5583-42F3-82FE-04AC73739CE2}.Release|x64.Build.0 = Release|x64
		{7F551A1C-5583-42F3-82FE-04AC73739CE2}.Release|x86.ActiveCfg = Release|Win32
		{7F551A1C-5583-42F3-82FE-04AC73739CE2}.Release|x86.Build.0 = Release|Win32
	EndGlobalSection
	GlobalSection(SolutionProperties) = preSolution
		HideSolutionNode = FALSE
	EndGlobalSection
	GlobalSection(ExtensibilityGlobals) = postSolution
		SolutionGuid = {EC081B40-7973-4A6A-AA39-D7F4272C0483}
	EndGlobalSection
EndGlobal
